
Microsoft Visual Studio Solution File, Format Version 12.00
# Visual Studio Version 17
VisualStudioVersion = 17.6.33829.357
MinimumVisualStudioVersion = 10.0.40219.1
Project("{FAE04EC0-301F-11D3-BF4B-00C04F79EFBC}") = "CoinVerse", "CoinVerse\CoinVerse.csproj", "{64A90E13-48B8-47AA-BB6F-25E06A6CF7BB}"
EndProject
Project("{FAE04EC0-301F-11D3-BF4B-00C04F79EFBC}") = "DAL", "DAL\DAL.csproj", "{892926E2-67C1-4F6E-884A-A93149601732}"
EndProject
Project("{FAE04EC0-301F-11D3-BF4B-00C04F79EFBC}") = "BLL", "BLL\BLL.csproj", "{5954954F-5523-4701-91A2-13AB8A6B659C}"
EndProject
Global
	GlobalSection(SolutionConfigurationPlatforms) = preSolution
		Debug|Any CPU = Debug|Any CPU
		Release|Any CPU = Release|Any CPU
	EndGlobalSection
	GlobalSection(ProjectConfigurationPlatforms) = postSolution
		{64A90E13-48B8-47AA-BB6F-25E06A6CF7BB}.Debug|Any CPU.ActiveCfg = Debug|Any CPU
		{64A90E13-48B8-47AA-BB6F-25E06A6CF7BB}.Debug|Any CPU.Build.0 = Debug|Any CPU
		{64A90E13-48B8-47AA-BB6F-25E06A6CF7BB}.Release|Any CPU.ActiveCfg = Release|Any CPU
		{64A90E13-48B8-47AA-BB6F-25E06A6CF7BB}.Release|Any CPU.Build.0 = Release|Any CPU
		{892926E2-67C1-4F6E-884A-A93149601732}.Debug|Any CPU.ActiveCfg = Debug|Any CPU
		{892926E2-67C1-4F6E-884A-A93149601732}.Debug|Any CPU.Build.0 = Debug|Any CPU
		{892926E2-67C1-4F6E-884A-A93149601732}.Release|Any CPU.ActiveCfg = Release|Any CPU
		{892926E2-67C1-4F6E-884A-A93149601732}.Release|Any CPU.Build.0 = Release|Any CPU
		{5954954F-5523-4701-91A2-13AB8A6B659C}.Debug|Any CPU.ActiveCfg = Debug|Any CPU
		{5954954F-5523-4701-91A2-13AB8A6B659C}.Debug|Any CPU.Build.0 = Debug|Any CPU
		{5954954F-5523-4701-91A2-13AB8A6B659C}.Release|Any CPU.ActiveCfg = Release|Any CPU
		{5954954F-5523-4701-91A2-13AB8A6B659C}.Release|Any CPU.Build.0 = Release|Any CPU
	EndGlobalSection
	GlobalSection(SolutionProperties) = preSolution
		HideSolutionNode = FALSE
	EndGlobalSection
	GlobalSection(ExtensibilityGlobals) = postSolution
		SolutionGuid = {45382DFC-0F1B-4B61-A5B8-D0165F29527B}
	EndGlobalSection
EndGlobal
